
Microsoft Visual Studio Solution File, Format Version 12.00
# Visual Studio Version 16
VisualStudioVersion = 16.0.31729.503
MinimumVisualStudioVersion = 10.0.40219.1
Project("{FAE04EC0-301F-11D3-BF4B-00C04F79EFBC}") = "CT_Orchestrator", "CT_Orchestrator\CT_Orchestrator.csproj", "{11403177-7A6C-4335-B489-9B0483526BD5}"
EndProject
Global
	GlobalSection(SolutionConfigurationPlatforms) = preSolution
		Debug|Any CPU = Debug|Any CPU
		Release|Any CPU = Release|Any CPU
	EndGlobalSection
	GlobalSection(ProjectConfigurationPlatforms) = postSolution
		{11403177-7A6C-4335-B489-9B0483526BD5}.Debug|Any CPU.ActiveCfg = Debug|Any CPU
		{11403177-7A6C-4335-B489-9B0483526BD5}.Debug|Any CPU.Build.0 = Debug|Any CPU
		{11403177-7A6C-4335-B489-9B0483526BD5}.Release|Any CPU.ActiveCfg = Release|Any CPU
		{11403177-7A6C-4335-B489-9B0483526BD5}.Release|Any CPU.Build.0 = Release|Any CPU
	EndGlobalSection
	GlobalSection(SolutionProperties) = preSolution
		HideSolutionNode = FALSE
	EndGlobalSection
	GlobalSection(ExtensibilityGlobals) = postSolution
		SolutionGuid = {D5CDBE00-3F72-4290-8A7D-A915227513EB}
	EndGlobalSection
EndGlobal
