
Microsoft Visual Studio Solution File, Format Version 12.00
# Visual Studio Version 16
VisualStudioVersion = 16.0.31729.503
MinimumVisualStudioVersion = 10.0.40219.1
Project("{9A19103F-16F7-4668-BE54-9A1E7A4F7556}") = "ExternalAPIAdapter", "ExternalAPIAdapter\ExternalAPIAdapter.csproj", "{30061A4A-B4AE-42A5-9BB4-1EA700E32419}"
EndProject
Project("{9A19103F-16F7-4668-BE54-9A1E7A4F7556}") = "Toolbox", "Toolbox\Toolbox.csproj", "{A7A080EF-0C5A-442F-BF86-D293806FD879}"
EndProject
Project("{9A19103F-16F7-4668-BE54-9A1E7A4F7556}") = "EFDB", "EFDB\EFDB.csproj", "{02E87A38-4F5D-48A1-915B-5E838EC170FD}"
EndProject
Project("{2150E333-8FDC-42A3-9474-1A3956D46DE8}") = "Services", "Services", "{2F65D541-D2F0-4E0D-9171-621C98B3BDD1}"
EndProject
Project("{FAE04EC0-301F-11D3-BF4B-00C04F79EFBC}") = "OrchestratorApp", "OrchestratorApp\OrchestratorApp.csproj", "{4D1D9EA7-DB5D-4385-8388-1D15CEDEC02B}"
EndProject
Global
	GlobalSection(SolutionConfigurationPlatforms) = preSolution
		Debug|Any CPU = Debug|Any CPU
		Release|Any CPU = Release|Any CPU
	EndGlobalSection
	GlobalSection(ProjectConfigurationPlatforms) = postSolution
		{30061A4A-B4AE-42A5-9BB4-1EA700E32419}.Debug|Any CPU.ActiveCfg = Debug|Any CPU
		{30061A4A-B4AE-42A5-9BB4-1EA700E32419}.Debug|Any CPU.Build.0 = Debug|Any CPU
		{30061A4A-B4AE-42A5-9BB4-1EA700E32419}.Release|Any CPU.ActiveCfg = Release|Any CPU
		{30061A4A-B4AE-42A5-9BB4-1EA700E32419}.Release|Any CPU.Build.0 = Release|Any CPU
		{A7A080EF-0C5A-442F-BF86-D293806FD879}.Debug|Any CPU.ActiveCfg = Debug|Any CPU
		{A7A080EF-0C5A-442F-BF86-D293806FD879}.Debug|Any CPU.Build.0 = Debug|Any CPU
		{A7A080EF-0C5A-442F-BF86-D293806FD879}.Release|Any CPU.ActiveCfg = Release|Any CPU
		{A7A080EF-0C5A-442F-BF86-D293806FD879}.Release|Any CPU.Build.0 = Release|Any CPU
		{02E87A38-4F5D-48A1-915B-5E838EC170FD}.Debug|Any CPU.ActiveCfg = Debug|Any CPU
		{02E87A38-4F5D-48A1-915B-5E838EC170FD}.Debug|Any CPU.Build.0 = Debug|Any CPU
		{02E87A38-4F5D-48A1-915B-5E838EC170FD}.Release|Any CPU.ActiveCfg = Release|Any CPU
		{02E87A38-4F5D-48A1-915B-5E838EC170FD}.Release|Any CPU.Build.0 = Release|Any CPU
		{4D1D9EA7-DB5D-4385-8388-1D15CEDEC02B}.Debug|Any CPU.ActiveCfg = Debug|Any CPU
		{4D1D9EA7-DB5D-4385-8388-1D15CEDEC02B}.Debug|Any CPU.Build.0 = Debug|Any CPU
		{4D1D9EA7-DB5D-4385-8388-1D15CEDEC02B}.Release|Any CPU.ActiveCfg = Release|Any CPU
		{4D1D9EA7-DB5D-4385-8388-1D15CEDEC02B}.Release|Any CPU.Build.0 = Release|Any CPU
	EndGlobalSection
	GlobalSection(SolutionProperties) = preSolution
		HideSolutionNode = FALSE
	EndGlobalSection
	GlobalSection(NestedProjects) = preSolution
		{30061A4A-B4AE-42A5-9BB4-1EA700E32419} = {2F65D541-D2F0-4E0D-9171-621C98B3BDD1}
		{02E87A38-4F5D-48A1-915B-5E838EC170FD} = {2F65D541-D2F0-4E0D-9171-621C98B3BDD1}
	EndGlobalSection
	GlobalSection(ExtensibilityGlobals) = postSolution
		SolutionGuid = {A35335EC-EAF9-4921-8909-2C8000552536}
	EndGlobalSection
EndGlobal
